
Microsoft Visual Studio Solution File, Format Version 12.00
# Visual Studio 2013
VisualStudioVersion = 12.0.21005.1
MinimumVisualStudioVersion = 10.0.40219.1
Project("{FAE04EC0-301F-11D3-BF4B-00C04F79EFBC}") = "07_2001210455_BuiQuocCong", "07_2001210455_BuiQuocCong\07_2001210455_BuiQuocCong.csproj", "{7409ECBD-7101-410C-BD58-CDD9D6F9BF29}"
EndProject
Global
	GlobalSection(SolutionConfigurationPlatforms) = preSolution
		Debug|Any CPU = Debug|Any CPU
		Release|Any CPU = Release|Any CPU
	EndGlobalSection
	GlobalSection(ProjectConfigurationPlatforms) = postSolution
		{7409ECBD-7101-410C-BD58-CDD9D6F9BF29}.Debug|Any CPU.ActiveCfg = Debug|Any CPU
		{7409ECBD-7101-410C-BD58-CDD9D6F9BF29}.Debug|Any CPU.Build.0 = Debug|Any CPU
		{7409ECBD-7101-410C-BD58-CDD9D6F9BF29}.Release|Any CPU.ActiveCfg = Release|Any CPU
		{7409ECBD-7101-410C-BD58-CDD9D6F9BF29}.Release|Any CPU.Build.0 = Release|Any CPU
	EndGlobalSection
	GlobalSection(SolutionProperties) = preSolution
		HideSolutionNode = FALSE
	EndGlobalSection
EndGlobal
